Microsoft Visual Studio Solution File, Format Version 12.00
# Visual Studio Version 16
VisualStudioVersion = 16.0.30128.74
MinimumVisualStudioVersion = 10.0.40219.1
Project("{9A19103F-16F7-4668-BE54-9A1E7A4F7556}") = "Domain", "Domain\Domain.csproj", "{1D0CA49A-07B9-47AB-A48D-413B26320652}"
EndProject
Project("{9A19103F-16F7-4668-BE54-9A1E7A4F7556}") = "AppServices", "AppServices\AppServices.csproj", "{00998967-9074-45CE-9264-CE8A2A98B372}"
EndProject
Project("{9A19103F-16F7-4668-BE54-9A1E7A4F7556}") = "Migrations", "Migrations\Migrations.csproj", "{AAED3C8C-0CD2-4199-8EBA-5BEFD09EDA32}"
EndProject
Project("{9A19103F-16F7-4668-BE54-9A1E7A4F7556}") = "Web", "Web\Web.csproj", "{48C1513F-6C78-4699-A5EA-13117AF6BEC8}"
EndProject
Project("{2150E333-8FDC-42A3-9474-1A3956D46DE8}") = "Solution Items", "Solution Items", "{F72AA92A-BF44-49B0-BCF5-EE644BE1C1B6}"
	ProjectSection(SolutionItems) = preProject
		Directory.Build.props = Directory.Build.props
		StyleCop.ruleset = StyleCop.ruleset
	EndProjectSection
EndProject
Global
	GlobalSection(SolutionConfigurationPlatforms) = preSolution
		Debug|Any CPU = Debug|Any CPU
		Release|Any CPU = Release|Any CPU
	EndGlobalSection
	GlobalSection(ProjectConfigurationPlatforms) = postSolution
		{1D0CA49A-07B9-47AB-A48D-413B26320652}.Debug|Any CPU.ActiveCfg = Debug|Any CPU
		{1D0CA49A-07B9-47AB-A48D-413B26320652}.Debug|Any CPU.Build.0 = Debug|Any CPU
		{1D0CA49A-07B9-47AB-A48D-413B26320652}.Release|Any CPU.ActiveCfg = Release|Any CPU
		{1D0CA49A-07B9-47AB-A48D-413B26320652}.Release|Any CPU.Build.0 = Release|Any CPU
		{00998967-9074-45CE-9264-CE8A2A98B372}.Debug|Any CPU.ActiveCfg = Debug|Any CPU
		{00998967-9074-45CE-9264-CE8A2A98B372}.Debug|Any CPU.Build.0 = Debug|Any CPU
		{00998967-9074-45CE-9264-CE8A2A98B372}.Release|Any CPU.ActiveCfg = Release|Any CPU
		{00998967-9074-45CE-9264-CE8A2A98B372}.Release|Any CPU.Build.0 = Release|Any CPU
		{AAED3C8C-0CD2-4199-8EBA-5BEFD09EDA32}.Debug|Any CPU.ActiveCfg = Debug|Any CPU
		{AAED3C8C-0CD2-4199-8EBA-5BEFD09EDA32}.Debug|Any CPU.Build.0 = Debug|Any CPU
		{AAED3C8C-0CD2-4199-8EBA-5BEFD09EDA32}.Release|Any CPU.ActiveCfg = Release|Any CPU
		{AAED3C8C-0CD2-4199-8EBA-5BEFD09EDA32}.Release|Any CPU.Build.0 = Release|Any CPU
		{48C1513F-6C78-4699-A5EA-13117AF6BEC8}.Debug|Any CPU.ActiveCfg = Debug|Any CPU
		{48C1513F-6C78-4699-A5EA-13117AF6BEC8}.Debug|Any CPU.Build.0 = Debug|Any CPU
		{48C1513F-6C78-4699-A5EA-13117AF6BEC8}.Release|Any CPU.ActiveCfg = Release|Any CPU
		{48C1513F-6C78-4699-A5EA-13117AF6BEC8}.Release|Any CPU.Build.0 = Release|Any CPU
	EndGlobalSection
	GlobalSection(SolutionProperties) = preSolution
		HideSolutionNode = FALSE
	EndGlobalSection
	GlobalSection(ExtensibilityGlobals) = postSolution
		SolutionGuid = {60417AB1-425D-4259-90CD-BC7302D628A8}
	EndGlobalSection
EndGlobal
